
Microsoft Visual Studio Solution File, Format Version 12.00
# Visual Studio Version 17
VisualStudioVersion = 17.10.35013.160
MinimumVisualStudioVersion = 10.0.40219.1
Project("{FAE04EC0-301F-11D3-BF4B-00C04F79EFBC}") = "VanAnhPerfume", "VanAnhPrefume\VanAnhPerfume.csproj", "{2DE405CF-072A-45BB-A92F-896F66D9CEBE}"
EndProject
Global
	GlobalSection(SolutionConfigurationPlatforms) = preSolution
		Debug|Any CPU = Debug|Any CPU
		Release|Any CPU = Release|Any CPU
	EndGlobalSection
	GlobalSection(ProjectConfigurationPlatforms) = postSolution
		{2DE405CF-072A-45BB-A92F-896F66D9CEBE}.Debug|Any CPU.ActiveCfg = Debug|Any CPU
		{2DE405CF-072A-45BB-A92F-896F66D9CEBE}.Debug|Any CPU.Build.0 = Debug|Any CPU
		{2DE405CF-072A-45BB-A92F-896F66D9CEBE}.Release|Any CPU.ActiveCfg = Release|Any CPU
		{2DE405CF-072A-45BB-A92F-896F66D9CEBE}.Release|Any CPU.Build.0 = Release|Any CPU
	EndGlobalSection
	GlobalSection(SolutionProperties) = preSolution
		HideSolutionNode = FALSE
	EndGlobalSection
	GlobalSection(ExtensibilityGlobals) = postSolution
		SolutionGuid = {FFC87DEC-22AA-4D06-8AE3-856252E24512}
	EndGlobalSection
EndGlobal
